
Microsoft Visual Studio Solution File, Format Version 12.00
# Visual Studio Version 17
VisualStudioVersion = 17.13.35818.85
MinimumVisualStudioVersion = 10.0.40219.1
Project("{FAE04EC0-301F-11D3-BF4B-00C04F79EFBC}") = "ImageProcessing", "ImageProcessing.csproj", "{DCF27D00-7110-4447-92BA-14504D1890AA}"
EndProject
Project("{FAE04EC0-301F-11D3-BF4B-00C04F79EFBC}") = "TomogramVisualizer", "..\TomogramVisualizer\TomogramVisualizer.csproj", "{A4E35064-4FD1-47ED-B1EB-433F4F24BC37}"
EndProject
Global
	GlobalSection(SolutionConfigurationPlatforms) = preSolution
		Debug|Any CPU = Debug|Any CPU
		Release|Any CPU = Release|Any CPU
	EndGlobalSection
	GlobalSection(ProjectConfigurationPlatforms) = postSolution
		{DCF27D00-7110-4447-92BA-14504D1890AA}.Debug|Any CPU.ActiveCfg = Debug|Any CPU
		{DCF27D00-7110-4447-92BA-14504D1890AA}.Debug|Any CPU.Build.0 = Debug|Any CPU
		{DCF27D00-7110-4447-92BA-14504D1890AA}.Release|Any CPU.ActiveCfg = Release|Any CPU
		{DCF27D00-7110-4447-92BA-14504D1890AA}.Release|Any CPU.Build.0 = Release|Any CPU
		{A4E35064-4FD1-47ED-B1EB-433F4F24BC37}.Debug|Any CPU.ActiveCfg = Debug|Any CPU
		{A4E35064-4FD1-47ED-B1EB-433F4F24BC37}.Debug|Any CPU.Build.0 = Debug|Any CPU
		{A4E35064-4FD1-47ED-B1EB-433F4F24BC37}.Release|Any CPU.ActiveCfg = Release|Any CPU
		{A4E35064-4FD1-47ED-B1EB-433F4F24BC37}.Release|Any CPU.Build.0 = Release|Any CPU
	EndGlobalSection
	GlobalSection(SolutionProperties) = preSolution
		HideSolutionNode = FALSE
	EndGlobalSection
	GlobalSection(ExtensibilityGlobals) = postSolution
		SolutionGuid = {79C5D350-E5F2-4F31-8EF0-204C37210E7A}
	EndGlobalSection
EndGlobal
